
Microsoft Visual Studio Solution File, Format Version 12.00
# Visual Studio Version 16
VisualStudioVersion = 16.0.31129.286
MinimumVisualStudioVersion = 10.0.40219.1
Project("{FAE04EC0-301F-11D3-BF4B-00C04F79EFBC}") = "BlogProject", "BlogProject\BlogProject.csproj", "{9DF6D028-E86C-4866-A4D1-0D87243FA43B}"
EndProject
Project("{FAE04EC0-301F-11D3-BF4B-00C04F79EFBC}") = "EntityLayer", "EntityLayer\EntityLayer.csproj", "{F1F6E523-152E-441E-94B9-1DFDC055751B}"
EndProject
Project("{FAE04EC0-301F-11D3-BF4B-00C04F79EFBC}") = "DataAccessLayer", "DataAccessLayer\DataAccessLayer.csproj", "{1171AF7D-EADD-4663-B36B-C8A1B96431AE}"
EndProject
Project("{FAE04EC0-301F-11D3-BF4B-00C04F79EFBC}") = "BusinessLayer", "BusinessLayer\BusinessLayer.csproj", "{FF69B05E-46F4-493D-BB1E-A488CC282AA8}"
EndProject
Project("{FAE04EC0-301F-11D3-BF4B-00C04F79EFBC}") = "CoreLayer", "CoreLayer\CoreLayer.csproj", "{C6AE7E9B-FDD5-4E0F-9688-A5168F5B6A2E}"
EndProject
Global
	GlobalSection(SolutionConfigurationPlatforms) = preSolution
		Debug|Any CPU = Debug|Any CPU
		Release|Any CPU = Release|Any CPU
	EndGlobalSection
	GlobalSection(ProjectConfigurationPlatforms) = postSolution
		{9DF6D028-E86C-4866-A4D1-0D87243FA43B}.Debug|Any CPU.ActiveCfg = Debug|Any CPU
		{9DF6D028-E86C-4866-A4D1-0D87243FA43B}.Debug|Any CPU.Build.0 = Debug|Any CPU
		{9DF6D028-E86C-4866-A4D1-0D87243FA43B}.Release|Any CPU.ActiveCfg = Release|Any CPU
		{9DF6D028-E86C-4866-A4D1-0D87243FA43B}.Release|Any CPU.Build.0 = Release|Any CPU
		{F1F6E523-152E-441E-94B9-1DFDC055751B}.Debug|Any CPU.ActiveCfg = Debug|Any CPU
		{F1F6E523-152E-441E-94B9-1DFDC055751B}.Debug|Any CPU.Build.0 = Debug|Any CPU
		{F1F6E523-152E-441E-94B9-1DFDC055751B}.Release|Any CPU.ActiveCfg = Release|Any CPU
		{F1F6E523-152E-441E-94B9-1DFDC055751B}.Release|Any CPU.Build.0 = Release|Any CPU
		{1171AF7D-EADD-4663-B36B-C8A1B96431AE}.Debug|Any CPU.ActiveCfg = Debug|Any CPU
		{1171AF7D-EADD-4663-B36B-C8A1B96431AE}.Debug|Any CPU.Build.0 = Debug|Any CPU
		{1171AF7D-EADD-4663-B36B-C8A1B96431AE}.Release|Any CPU.ActiveCfg = Release|Any CPU
		{1171AF7D-EADD-4663-B36B-C8A1B96431AE}.Release|Any CPU.Build.0 = Release|Any CPU
		{FF69B05E-46F4-493D-BB1E-A488CC282AA8}.Debug|Any CPU.ActiveCfg = Debug|Any CPU
		{FF69B05E-46F4-493D-BB1E-A488CC282AA8}.Debug|Any CPU.Build.0 = Debug|Any CPU
		{FF69B05E-46F4-493D-BB1E-A488CC282AA8}.Release|Any CPU.ActiveCfg = Release|Any CPU
		{FF69B05E-46F4-493D-BB1E-A488CC282AA8}.Release|Any CPU.Build.0 = Release|Any CPU
		{C6AE7E9B-FDD5-4E0F-9688-A5168F5B6A2E}.Debug|Any CPU.ActiveCfg = Debug|Any CPU
		{C6AE7E9B-FDD5-4E0F-9688-A5168F5B6A2E}.Debug|Any CPU.Build.0 = Debug|Any CPU
		{C6AE7E9B-FDD5-4E0F-9688-A5168F5B6A2E}.Release|Any CPU.ActiveCfg = Release|Any CPU
		{C6AE7E9B-FDD5-4E0F-9688-A5168F5B6A2E}.Release|Any CPU.Build.0 = Release|Any CPU
	EndGlobalSection
	GlobalSection(SolutionProperties) = preSolution
		HideSolutionNode = FALSE
	EndGlobalSection
	GlobalSection(ExtensibilityGlobals) = postSolution
		SolutionGuid = {CAACB885-57CA-4E3D-AD74-2E7F0B5F50D5}
	EndGlobalSection
EndGlobal
